// !$*UTF8*$!
{
	archiveVersion = 1;
	classes = {
	};
	objectVersion = 46;
	objects = {

/* Begin PBXBuildFile section */
		A538AAE81938A1DB00A07AE3 /* RRGameData.m in Sources */ = {isa = PBXBuildFile; fileRef = A538AAE71938A1DB00A07AE3 /* RRGameData.m */; };
		A538AAF11938A4A300A07AE3 /* RRGameOver.m in Sources */ = {isa = PBXBuildFile; fileRef = A538AAF01938A4A300A07AE3 /* RRGameOver.m */; };
		A5BCA86619371B1E0009B9E5 /* RRMyScene+Collision.m in Sources */ = {isa = PBXBuildFile; fileRef = A5BCA86519371B1E0009B9E5 /* RRMyScene+Collision.m */; };
		A5BCA86B193721DC0009B9E5 /* RRMainMenu.m in Sources */ = {isa = PBXBuildFile; fileRef = A5BCA86A193721DC0009B9E5 /* RRMainMenu.m */; };
		A5BD5C781933CD29003AE760 /* RRSeaGull.m in Sources */ = {isa = PBXBuildFile; fileRef = A5BD5C771933CD29003AE760 /* RRSeaGull.m */; };
		A5BF64B61931EF490062721F /* RRMyScene+Cloud.m in Sources */ = {isa = PBXBuildFile; fileRef = A5BF64B51931EF490062721F /* RRMyScene+Cloud.m */; };
		A5BF64B91931F8210062721F /* MyParticle.sks in Resources */ = {isa = PBXBuildFile; fileRef = A5BF64B71931F8210062721F /* MyParticle.sks */; };
		A5BF64BA1931F8210062721F /* spark.png in Resources */ = {isa = PBXBuildFile; fileRef = A5BF64B81931F8210062721F /* spark.png */; };
		A5BF64BD19320C4B0062721F /* RRCloud.m in Sources */ = {isa = PBXBuildFile; fileRef = A5BF64BC19320C4B0062721F /* RRCloud.m */; };
		A5BFBD211938B5A700680C92 /* RRDrop.m in Sources */ = {isa = PBXBuildFile; fileRef = A5BFBD201938B5A700680C92 /* RRDrop.m */; };
		A5DBE6E71930D34F001876B9 /* Foundation.framework in Frameworks */ = {isa = PBXBuildFile; fileRef = A5DBE6E61930D34F001876B9 /* Foundation.framework */; };
		A5DBE6E91930D34F001876B9 /* CoreGraphics.framework in Frameworks */ = {isa = PBXBuildFile; fileRef = A5DBE6E81930D34F001876B9 /* CoreGraphics.framework */; };
		A5DBE6EB1930D34F001876B9 /* UIKit.framework in Frameworks */ = {isa = PBXBuildFile; fileRef = A5DBE6EA1930D34F001876B9 /* UIKit.framework */; };
		A5DBE6ED1930D34F001876B9 /* SpriteKit.framework in Frameworks */ = {isa = PBXBuildFile; fileRef = A5DBE6EC1930D34F001876B9 /* SpriteKit.framework */; };
		A5DBE6F31930D34F001876B9 /* InfoPlist.strings in Resources */ = {isa = PBXBuildFile; fileRef = A5DBE6F11930D34F001876B9 /* InfoPlist.strings */; };
		A5DBE6F51930D34F001876B9 /* main.m in Sources */ = {isa = PBXBuildFile; fileRef = A5DBE6F41930D34F001876B9 /* main.m */; };
		A5DBE6F91930D34F001876B9 /* RRAppDelegate.m in Sources */ = {isa = PBXBuildFile; fileRef = A5DBE6F81930D34F001876B9 /* RRAppDelegate.m */; };
		A5DBE6FC1930D34F001876B9 /* Main_iPhone.storyboard in Resources */ = {isa = PBXBuildFile; fileRef = A5DBE6FA1930D34F001876B9 /* Main_iPhone.storyboard */; };
		A5DBE6FF1930D34F001876B9 /* Main_iPad.storyboard in Resources */ = {isa = PBXBuildFile; fileRef = A5DBE6FD1930D34F001876B9 /* Main_iPad.storyboard */; };
		A5DBE7021930D34F001876B9 /* RRViewController.m in Sources */ = {isa = PBXBuildFile; fileRef = A5DBE7011930D34F001876B9 /* RRViewController.m */; };
		A5DBE7051930D34F001876B9 /* RRMyScene.m in Sources */ = {isa = PBXBuildFile; fileRef = A5DBE7041930D34F001876B9 /* RRMyScene.m */; };
		A5DBE7091930D34F001876B9 /* Images.xcassets in Resources */ = {isa = PBXBuildFile; fileRef = A5DBE7081930D34F001876B9 /* Images.xcassets */; };
		A5DBE7101930D34F001876B9 /* XCTest.framework in Frameworks */ = {isa = PBXBuildFile; fileRef = A5DBE70F1930D34F001876B9 /* XCTest.framework */; };
		A5DBE7111930D34F001876B9 /* Foundation.framework in Frameworks */ = {isa = PBXBuildFile; fileRef = A5DBE6E61930D34F001876B9 /* Foundation.framework */; };
		A5DBE7121930D34F001876B9 /* UIKit.framework in Frameworks */ = {isa = PBXBuildFile; fileRef = A5DBE6EA1930D34F001876B9 /* UIKit.framework */; };
		A5DBE71A1930D34F001876B9 /* InfoPlist.strings in Resources */ = {isa = PBXBuildFile; fileRef = A5DBE7181930D34F001876B9 /* InfoPlist.strings */; };
		A5DBE71C1930D34F001876B9 /* frogGameTests.m in Sources */ = {isa = PBXBuildFile; fileRef = A5DBE71B1930D34F001876B9 /* frogGameTests.m */; };
		A5DBE72A19311744001876B9 /* RRFrog.m in Sources */ = {isa = PBXBuildFile; fileRef = A5DBE72919311744001876B9 /* RRFrog.m */; };
		A5DBE72D19311869001876B9 /* RRMyScene+Wave.m in Sources */ = {isa = PBXBuildFile; fileRef = A5DBE72C19311869001876B9 /* RRMyScene+Wave.m */; };
		A5DBE73019311C82001876B9 /* RRMyScene+Control.m in Sources */ = {isa = PBXBuildFile; fileRef = A5DBE72F19311C82001876B9 /* RRMyScene+Control.m */; };
		A5DBE73219311E49001876B9 /* CoreMotion.framework in Frameworks */ = {isa = PBXBuildFile; fileRef = A5DBE73119311E49001876B9 /* CoreMotion.framework */; };
/* End PBXBuildFile section */

/* Begin PBXContainerItemProxy section */
		A5DBE7131930D34F001876B9 /* PBXContainerItemProxy */ = {
			isa = PBXContainerItemProxy;
			containerPortal = A5DBE6DB1930D34F001876B9 /* Project object */;
			proxyType = 1;
			remoteGlobalIDString = A5DBE6E21930D34F001876B9;
			remoteInfo = frogGame;
		};
/* End PBXContainerItemProxy section */

/* Begin PBXFileReference section */
		A538AAE61938A1DB00A07AE3 /* RRGameData.h */ = {isa = PBXFileReference; fileEncoding = 4; lastKnownFileType = sourcecode.c.h; path = RRGameData.h; sourceTree = "<group>"; };
		A538AAE71938A1DB00A07AE3 /* RRGameData.m */ = {isa = PBXFileReference; fileEncoding = 4; lastKnownFileType = sourcecode.c.objc; path = RRGameData.m; sourceTree = "<group>"; };
		A538AAEF1938A4A300A07AE3 /* RRGameOver.h */ = {isa = PBXFileReference; fileEncoding = 4; lastKnownFileType = sourcecode.c.h; name = RRGameOver.h; path = ../RRGameOver.h; sourceTree = "<group>"; };
		A538AAF01938A4A300A07AE3 /* RRGameOver.m */ = {isa = PBXFileReference; fileEncoding = 4; lastKnownFileType = sourcecode.c.objc; name = RRGameOver.m; path = ../RRGameOver.m; sourceTree = "<group>"; };
		A5BCA86419371B1E0009B9E5 /* RRMyScene+Collision.h */ = {isa = PBXFileReference; fileEncoding = 4; lastKnownFileType = sourcecode.c.h; path = "RRMyScene+Collision.h"; sourceTree = "<group>"; };
		A5BCA86519371B1E0009B9E5 /* RRMyScene+Collision.m */ = {isa = PBXFileReference; fileEncoding = 4; lastKnownFileType = sourcecode.c.objc; path = "RRMyScene+Collision.m"; sourceTree = "<group>"; };
		A5BCA869193721DC0009B9E5 /* RRMainMenu.h */ = {isa = PBXFileReference; fileEncoding = 4; lastKnownFileType = sourcecode.c.h; path = RRMainMenu.h; sourceTree = "<group>"; };
		A5BCA86A193721DC0009B9E5 /* RRMainMenu.m */ = {isa = PBXFileReference; fileEncoding = 4; lastKnownFileType = sourcecode.c.objc; path = RRMainMenu.m; sourceTree = "<group>"; };
		A5BD5C761933CD29003AE760 /* RRSeaGull.h */ = {isa = PBXFileReference; fileEncoding = 4; lastKnownFileType = sourcecode.c.h; path = RRSeaGull.h; sourceTree = "<group>"; };
		A5BD5C771933CD29003AE760 /* RRSeaGull.m */ = {isa = PBXFileReference; fileEncoding = 4; lastKnownFileType = sourcecode.c.objc; path = RRSeaGull.m; sourceTree = "<group>"; };
		A5BF64B41931EF490062721F /* RRMyScene+Cloud.h */ = {isa = PBXFileReference; fileEncoding = 4; lastKnownFileType = sourcecode.c.h; path = "RRMyScene+Cloud.h"; sourceTree = "<group>"; };
		A5BF64B51931EF490062721F /* RRMyScene+Cloud.m */ = {isa = PBXFileReference; fileEncoding = 4; lastKnownFileType = sourcecode.c.objc; path = "RRMyScene+Cloud.m"; sourceTree = "<group>"; };
		A5BF64B71931F8210062721F /* MyParticle.sks */ = {isa = PBXFileReference; lastKnownFileType = file.sks; path = MyParticle.sks; sourceTree = "<group>"; };
		A5BF64B81931F8210062721F /* spark.png */ = {isa = PBXFileReference; lastKnownFileType = image.png; path = spark.png; sourceTree = "<group>"; };
		A5BF64BB19320C4B0062721F /* RRCloud.h */ = {isa = PBXFileReference; fileEncoding = 4; lastKnownFileType = sourcecode.c.h; path = RRCloud.h; sourceTree = "<group>"; };
		A5BF64BC19320C4B0062721F /* RRCloud.m */ = {isa = PBXFileReference; fileEncoding = 4; lastKnownFileType = sourcecode.c.objc; path = RRCloud.m; sourceTree = "<group>"; };
		A5BFBD1F1938B5A700680C92 /* RRDrop.h */ = {isa = PBXFileReference; fileEncoding = 4; lastKnownFileType = sourcecode.c.h; path = RRDrop.h; sourceTree = "<group>"; };
		A5BFBD201938B5A700680C92 /* RRDrop.m */ = {isa = PBXFileReference; fileEncoding = 4; lastKnownFileType = sourcecode.c.objc; path = RRDrop.m; sourceTree = "<group>"; };
		A5DBE6E31930D34F001876B9 /* frogGame.app */ = {isa = PBXFileReference; explicitFileType = wrapper.application; includeInIndex = 0; path = frogGame.app; sourceTree = BUILT_PRODUCTS_DIR; };
		A5DBE6E61930D34F001876B9 /* Foundation.framework */ = {isa = PBXFileReference; lastKnownFileType = wrapper.framework; name = Foundation.framework; path = System/Library/Frameworks/Foundation.framework; sourceTree = SDKROOT; };
		A5DBE6E81930D34F001876B9 /* CoreGraphics.framework */ = {isa = PBXFileReference; lastKnownFileType = wrapper.framework; name = CoreGraphics.framework; path = System/Library/Frameworks/CoreGraphics.framework; sourceTree = SDKROOT; };
		A5DBE6EA1930D34F001876B9 /* UIKit.framework */ = {isa = PBXFileReference; lastKnownFileType = wrapper.framework; name = UIKit.framework; path = System/Library/Frameworks/UIKit.framework; sourceTree = SDKROOT; };
		A5DBE6EC1930D34F001876B9 /* SpriteKit.framework */ = {isa = PBXFileReference; lastKnownFileType = wrapper.framework; name = SpriteKit.framework; path = System/Library/Frameworks/SpriteKit.framework; sourceTree = SDKROOT; };
		A5DBE6F01930D34F001876B9 /* frogGame-Info.plist */ = {isa = PBXFileReference; lastKnownFileType = text.plist.xml; path = "frogGame-Info.plist"; sourceTree = "<group>"; };
		A5DBE6F21930D34F001876B9 /* en */ = {isa = PBXFileReference; lastKnownFileType = text.plist.strings; name = en; path = en.lproj/InfoPlist.strings; sourceTree = "<group>"; };
		A5DBE6F41930D34F001876B9 /* main.m */ = {isa = PBXFileReference; lastKnownFileType = sourcecode.c.objc; path = main.m; sourceTree = "<group>"; };
		A5DBE6F61930D34F001876B9 /* frogGame-Prefix.pch */ = {isa = PBXFileReference; lastKnownFileType = sourcecode.c.h; path = "frogGame-Prefix.pch"; sourceTree = "<group>"; };
		A5DBE6F71930D34F001876B9 /* RRAppDelegate.h */ = {isa = PBXFileReference; lastKnownFileType = sourcecode.c.h; path = RRAppDelegate.h; sourceTree = "<group>"; };
		A5DBE6F81930D34F001876B9 /* RRAppDelegate.m */ = {isa = PBXFileReference; lastKnownFileType = sourcecode.c.objc; path = RRAppDelegate.m; sourceTree = "<group>"; };
		A5DBE6FB1930D34F001876B9 /* Base */ = {isa = PBXFileReference; lastKnownFileType = file.storyboard; name = Base; path = Base.lproj/Main_iPhone.storyboard; sourceTree = "<group>"; };
		A5DBE6FE1930D34F001876B9 /* Base */ = {isa = PBXFileReference; lastKnownFileType = file.storyboard; name = Base; path = Base.lproj/Main_iPad.storyboard; sourceTree = "<group>"; };
		A5DBE7001930D34F001876B9 /* RRViewController.h */ = {isa = PBXFileReference; lastKnownFileType = sourcecode.c.h; path = RRViewController.h; sourceTree = "<group>"; };
		A5DBE7011930D34F001876B9 /* RRViewController.m */ = {isa = PBXFileReference; lastKnownFileType = sourcecode.c.objc; path = RRViewController.m; sourceTree = "<group>"; };
		A5DBE7031930D34F001876B9 /* RRMyScene.h */ = {isa = PBXFileReference; lastKnownFileType = sourcecode.c.h; path = RRMyScene.h; sourceTree = "<group>"; };
		A5DBE7041930D34F001876B9 /* RRMyScene.m */ = {isa = PBXFileReference; lastKnownFileType = sourcecode.c.objc; path = RRMyScene.m; sourceTree = "<group>"; };
		A5DBE7081930D34F001876B9 /* Images.xcassets */ = {isa = PBXFileReference; lastKnownFileType = folder.assetcatalog; path = Images.xcassets; sourceTree = "<group>"; };
		A5DBE70E1930D34F001876B9 /* frogGameTests.xctest */ = {isa = PBXFileReference; explicitFileType = wrapper.cfbundle; includeInIndex = 0; path = frogGameTests.xctest; sourceTree = BUILT_PRODUCTS_DIR; };
		A5DBE70F1930D34F001876B9 /* XCTest.framework */ = {isa = PBXFileReference; lastKnownFileType = wrapper.framework; name = XCTest.framework; path = Library/Frameworks/XCTest.framework; sourceTree = DEVELOPER_DIR; };
		A5DBE7171930D34F001876B9 /* frogGameTests-Info.plist */ = {isa = PBXFileReference; lastKnownFileType = text.plist.xml; path = "frogGameTests-Info.plist"; sourceTree = "<group>"; };
		A5DBE7191930D34F001876B9 /* en */ = {isa = PBXFileReference; lastKnownFileType = text.plist.strings; name = en; path = en.lproj/InfoPlist.strings; sourceTree = "<group>"; };
		A5DBE71B1930D34F001876B9 /* frogGameTests.m */ = {isa = PBXFileReference; lastKnownFileType = sourcecode.c.objc; path = frogGameTests.m; sourceTree = "<group>"; };
		A5DBE72819311744001876B9 /* RRFrog.h */ = {isa = PBXFileReference; fileEncoding = 4; lastKnownFileType = sourcecode.c.h; path = RRFrog.h; sourceTree = "<group>"; };
		A5DBE72919311744001876B9 /* RRFrog.m */ = {isa = PBXFileReference; fileEncoding = 4; lastKnownFileType = sourcecode.c.objc; path = RRFrog.m; sourceTree = "<group>"; };
		A5DBE72B19311869001876B9 /* RRMyScene+Wave.h */ = {isa = PBXFileReference; fileEncoding = 4; lastKnownFileType = sourcecode.c.h; path = "RRMyScene+Wave.h"; sourceTree = "<group>"; };
		A5DBE72C19311869001876B9 /* RRMyScene+Wave.m */ = {isa = PBXFileReference; fileEncoding = 4; lastKnownFileType = sourcecode.c.objc; path = "RRMyScene+Wave.m"; sourceTree = "<group>"; };
		A5DBE72E19311C82001876B9 /* RRMyScene+Control.h */ = {isa = PBXFileReference; fileEncoding = 4; lastKnownFileType = sourcecode.c.h; path = "RRMyScene+Control.h"; sourceTree = "<group>"; };
		A5DBE72F19311C82001876B9 /* RRMyScene+Control.m */ = {isa = PBXFileReference; fileEncoding = 4; lastKnownFileType = sourcecode.c.objc; path = "RRMyScene+Control.m"; sourceTree = "<group>"; };
		A5DBE73119311E49001876B9 /* CoreMotion.framework */ = {isa = PBXFileReference; lastKnownFileType = wrapper.framework; name = CoreMotion.framework; path = System/Library/Frameworks/CoreMotion.framework; sourceTree = SDKROOT; };
/* End PBXFileReference section */

/* Begin PBXFrameworksBuildPhase section */
		A5DBE6E01930D34F001876B9 /* Frameworks */ = {
			isa = PBXFrameworksBuildPhase;
			buildActionMask = 2147483647;
			files = (
				A5DBE73219311E49001876B9 /* CoreMotion.framework in Frameworks */,
				A5DBE6E91930D34F001876B9 /* CoreGraphics.framework in Frameworks */,
				A5DBE6EB1930D34F001876B9 /* UIKit.framework in Frameworks */,
				A5DBE6ED1930D34F001876B9 /* SpriteKit.framework in Frameworks */,
				A5DBE6E71930D34F001876B9 /* Foundation.framework in Frameworks */,
			);
			runOnlyForDeploymentPostprocessing = 0;
		};
		A5DBE70B1930D34F001876B9 /* Frameworks */ = {
			isa = PBXFrameworksBuildPhase;
			buildActionMask = 2147483647;
			files = (
				A5DBE7101930D34F001876B9 /* XCTest.framework in Frameworks */,
				A5DBE7121930D34F001876B9 /* UIKit.framework in Frameworks */,
				A5DBE7111930D34F001876B9 /* Foundation.framework in Frameworks */,
			);
			runOnlyForDeploymentPostprocessing = 0;
		};
/* End PBXFrameworksBuildPhase section */

/* Begin PBXGroup section */
		A5079BCC193675A700DCDE1C /* MainScene */ = {
			isa = PBXGroup;
			children = (
				A5DBE7031930D34F001876B9 /* RRMyScene.h */,
				A5DBE7041930D34F001876B9 /* RRMyScene.m */,
				A5DBE72B19311869001876B9 /* RRMyScene+Wave.h */,
				A5DBE72C19311869001876B9 /* RRMyScene+Wave.m */,
				A5DBE72E19311C82001876B9 /* RRMyScene+Control.h */,
				A5DBE72F19311C82001876B9 /* RRMyScene+Control.m */,
				A5BF64B41931EF490062721F /* RRMyScene+Cloud.h */,
				A5BF64B51931EF490062721F /* RRMyScene+Cloud.m */,
				A5BCA86419371B1E0009B9E5 /* RRMyScene+Collision.h */,
				A5BCA86519371B1E0009B9E5 /* RRMyScene+Collision.m */,
			);
			name = MainScene;
			sourceTree = "<group>";
		};
		A5079BCD193675CE00DCDE1C /* Classes */ = {
			isa = PBXGroup;
			children = (
				A5BF64BB19320C4B0062721F /* RRCloud.h */,
				A5BF64BC19320C4B0062721F /* RRCloud.m */,
				A5BFBD1F1938B5A700680C92 /* RRDrop.h */,
				A5BFBD201938B5A700680C92 /* RRDrop.m */,
				A5DBE72819311744001876B9 /* RRFrog.h */,
				A5DBE72919311744001876B9 /* RRFrog.m */,
				A5BD5C761933CD29003AE760 /* RRSeaGull.h */,
				A5BD5C771933CD29003AE760 /* RRSeaGull.m */,
			);
			name = Classes;
			sourceTree = "<group>";
		};
		A5079BCE193675EE00DCDE1C /* StoryBoard */ = {
			isa = PBXGroup;
			children = (
				A5DBE6FA1930D34F001876B9 /* Main_iPhone.storyboard */,
				A5DBE6FD1930D34F001876B9 /* Main_iPad.storyboard */,
			);
			name = StoryBoard;
			sourceTree = "<group>";
		};
		A5079BCF193675FF00DCDE1C /* Controllers */ = {
			isa = PBXGroup;
			children = (
				A5DBE7001930D34F001876B9 /* RRViewController.h */,
				A5DBE7011930D34F001876B9 /* RRViewController.m */,
			);
			name = Controllers;
			sourceTree = "<group>";
		};
		A5BCA868193721BF0009B9E5 /* Menu */ = {
			isa = PBXGroup;
			children = (
				A5BCA869193721DC0009B9E5 /* RRMainMenu.h */,
				A5BCA86A193721DC0009B9E5 /* RRMainMenu.m */,
				A538AAEF1938A4A300A07AE3 /* RRGameOver.h */,
				A538AAF01938A4A300A07AE3 /* RRGameOver.m */,
			);
			name = Menu;
			sourceTree = "<group>";
		};
		A5DBE6DA1930D34F001876B9 = {
			isa = PBXGroup;
			children = (
				A5DBE6EE1930D34F001876B9 /* frogGame */,
				A5DBE7151930D34F001876B9 /* frogGameTests */,
				A5DBE6E51930D34F001876B9 /* Frameworks */,
				A5DBE6E41930D34F001876B9 /* Products */,
			);
			sourceTree = "<group>";
		};
		A5DBE6E41930D34F001876B9 /* Products */ = {
			isa = PBXGroup;
			children = (
				A5DBE6E31930D34F001876B9 /* frogGame.app */,
				A5DBE70E1930D34F001876B9 /* frogGameTests.xctest */,
			);
			name = Products;
			sourceTree = "<group>";
		};
		A5DBE6E51930D34F001876B9 /* Frameworks */ = {
			isa = PBXGroup;
			children = (
				A5DBE73119311E49001876B9 /* CoreMotion.framework */,
				A5DBE6E61930D34F001876B9 /* Foundation.framework */,
				A5DBE6E81930D34F001876B9 /* CoreGraphics.framework */,
				A5DBE6EA1930D34F001876B9 /* UIKit.framework */,
				A5DBE6EC1930D34F001876B9 /* SpriteKit.framework */,
				A5DBE70F1930D34F001876B9 /* XCTest.framework */,
			);
			name = Frameworks;
			sourceTree = "<group>";
		};
		A5DBE6EE1930D34F001876B9 /* frogGame */ = {
			isa = PBXGroup;
			children = (
				A5DBE6F71930D34F001876B9 /* RRAppDelegate.h */,
				A5DBE6F81930D34F001876B9 /* RRAppDelegate.m */,
				A538AAE61938A1DB00A07AE3 /* RRGameData.h */,
				A538AAE71938A1DB00A07AE3 /* RRGameData.m */,
				A5079BCE193675EE00DCDE1C /* StoryBoard */,
				A5079BCF193675FF00DCDE1C /* Controllers */,
				A5BCA868193721BF0009B9E5 /* Menu */,
				A5079BCC193675A700DCDE1C /* MainScene */,
				A5079BCD193675CE00DCDE1C /* Classes */,
				A5DBE7081930D34F001876B9 /* Images.xcassets */,
				A5BF64B81931F8210062721F /* spark.png */,
				A5BF64B71931F8210062721F /* MyParticle.sks */,
				A5DBE6EF1930D34F001876B9 /* Supporting Files */,
			);
			path = frogGame;
			sourceTree = "<group>";
		};
		A5DBE6EF1930D34F001876B9 /* Supporting Files */ = {
			isa = PBXGroup;
			children = (
				A5DBE6F01930D34F001876B9 /* frogGame-Info.plist */,
				A5DBE6F11930D34F001876B9 /* InfoPlist.strings */,
				A5DBE6F41930D34F001876B9 /* main.m */,
				A5DBE6F61930D34F001876B9 /* frogGame-Prefix.pch */,
			);
			name = "Supporting Files";
			sourceTree = "<group>";
		};
		A5DBE7151930D34F001876B9 /* frogGameTests */ = {
			isa = PBXGroup;
			children = (
				A5DBE71B1930D34F001876B9 /* frogGameTests.m */,
				A5DBE7161930D34F001876B9 /* Supporting Files */,
			);
			path = frogGameTests;
			sourceTree = "<group>";
		};
		A5DBE7161930D34F001876B9 /* Supporting Files */ = {
			isa = PBXGroup;
			children = (
				A5DBE7171930D34F001876B9 /* frogGameTests-Info.plist */,
				A5DBE7181930D34F001876B9 /* InfoPlist.strings */,
			);
			name = "Supporting Files";
			sourceTree = "<group>";
		};
/* End PBXGroup section */

/* Begin PBXNativeTarget section */
		A5DBE6E21930D34F001876B9 /* frogGame */ = {
			isa = PBXNativeTarget;
			buildConfigurationList = A5DBE71F1930D34F001876B9 /* Build configuration list for PBXNativeTarget "frogGame" */;
			buildPhases = (
				A5DBE6DF1930D34F001876B9 /* Sources */,
				A5DBE6E01930D34F001876B9 /* Frameworks */,
				A5DBE6E11930D34F001876B9 /* Resources */,
			);
			buildRules = (
			);
			dependencies = (
			);
			name = frogGame;
			productName = frogGame;
			productReference = A5DBE6E31930D34F001876B9 /* frogGame.app */;
			productType = "com.apple.product-type.application";
		};
		A5DBE70D1930D34F001876B9 /* frogGameTests */ = {
			isa = PBXNativeTarget;
			buildConfigurationList = A5DBE7221930D34F001876B9 /* Build configuration list for PBXNativeTarget "frogGameTests" */;
			buildPhases = (
				A5DBE70A1930D34F001876B9 /* Sources */,
				A5DBE70B1930D34F001876B9 /* Frameworks */,
				A5DBE70C1930D34F001876B9 /* Resources */,
			);
			buildRules = (
			);
			dependencies = (
				A5DBE7141930D34F001876B9 /* PBXTargetDependency */,
			);
			name = frogGameTests;
			productName = frogGameTests;
			productReference = A5DBE70E1930D34F001876B9 /* frogGameTests.xctest */;
			productType = "com.apple.product-type.bundle.unit-test";
		};
/* End PBXNativeTarget section */

/* Begin PBXProject section */
		A5DBE6DB1930D34F001876B9 /* Project object */ = {
			isa = PBXProject;
			attributes = {
				CLASSPREFIX = RR;
				LastUpgradeCheck = 0500;
				ORGANIZATIONNAME = remi;
				TargetAttributes = {
					A5DBE70D1930D34F001876B9 = {
						TestTargetID = A5DBE6E21930D34F001876B9;
					};
				};
			};
			buildConfigurationList = A5DBE6DE1930D34F001876B9 /* Build configuration list for PBXProject "frogGame" */;
			compatibilityVersion = "Xcode 3.2";
			developmentRegion = English;
			hasScannedForEncodings = 0;
			knownRegions = (
				en,
				Base,
			);
			mainGroup = A5DBE6DA1930D34F001876B9;
			productRefGroup = A5DBE6E41930D34F001876B9 /* Products */;
			projectDirPath = "";
			projectRoot = "";
			targets = (
				A5DBE6E21930D34F001876B9 /* frogGame */,
				A5DBE70D1930D34F001876B9 /* frogGameTests */,
			);
		};
/* End PBXProject section */

/* Begin PBXResourcesBuildPhase section */
		A5DBE6E11930D34F001876B9 /* Resources */ = {
			isa = PBXResourcesBuildPhase;
			buildActionMask = 2147483647;
			files = (
				A5DBE7091930D34F001876B9 /* Images.xcassets in Resources */,
				A5BF64BA1931F8210062721F /* spark.png in Resources */,
				A5DBE6FF1930D34F001876B9 /* Main_iPad.storyboard in Resources */,
				A5DBE6FC1930D34F001876B9 /* Main_iPhone.storyboard in Resources */,
				A5DBE6F31930D34F001876B9 /* InfoPlist.strings in Resources */,
				A5BF64B91931F8210062721F /* MyParticle.sks in Resources */,
			);
			runOnlyForDeploymentPostprocessing = 0;
		};
		A5DBE70C1930D34F001876B9 /* Resources */ = {
			isa = PBXResourcesBuildPhase;
			buildActionMask = 2147483647;
			files = (
				A5DBE71A1930D34F001876B9 /* InfoPlist.strings in Resources */,
			);
			runOnlyForDeploymentPostprocessing = 0;
		};
/* End PBXResourcesBuildPhase section */

/* Begin PBXSourcesBuildPhase section */
		A5DBE6DF1930D34F001876B9 /* Sources */ = {
			isa = PBXSourcesBuildPhase;
			buildActionMask = 2147483647;
			files = (
				A5DBE73019311C82001876B9 /* RRMyScene+Control.m in Sources */,
				A5DBE6F91930D34F001876B9 /* RRAppDelegate.m in Sources */,
				A5DBE72D19311869001876B9 /* RRMyScene+Wave.m in Sources */,
				A5BD5C781933CD29003AE760 /* RRSeaGull.m in Sources */,
				A5DBE72A19311744001876B9 /* RRFrog.m in Sources */,
				A5DBE6F51930D34F001876B9 /* main.m in Sources */,
				A5BCA86619371B1E0009B9E5 /* RRMyScene+Collision.m in Sources */,
				A5DBE7051930D34F001876B9 /* RRMyScene.m in Sources */,
				A5BF64B61931EF490062721F /* RRMyScene+Cloud.m in Sources */,
				A538AAE81938A1DB00A07AE3 /* RRGameData.m in Sources */,
				A5BCA86B193721DC0009B9E5 /* RRMainMenu.m in Sources */,
				A538AAF11938A4A300A07AE3 /* RRGameOver.m in Sources */,
				A5DBE7021930D34F001876B9 /* RRViewController.m in Sources */,
				A5BFBD211938B5A700680C92 /* RRDrop.m in Sources */,
				A5BF64BD19320C4B0062721F /* RRCloud.m in Sources */,
			);
			runOnlyForDeploymentPostprocessing = 0;
		};
		A5DBE70A1930D34F001876B9 /* Sources */ = {
			isa = PBXSourcesBuildPhase;
			buildActionMask = 2147483647;
			files = (
				A5DBE71C1930D34F001876B9 /* frogGameTests.m in Sources */,
			);
			runOnlyForDeploymentPostprocessing = 0;
		};
/* End PBXSourcesBuildPhase section */

/* Begin PBXTargetDependency section */
		A5DBE7141930D34F001876B9 /* PBXTargetDependency */ = {
			isa = PBXTargetDependency;
			target = A5DBE6E21930D34F001876B9 /* frogGame */;
			targetProxy = A5DBE7131930D34F001876B9 /* PBXContainerItemProxy */;
		};
/* End PBXTargetDependency section */

/* Begin PBXVariantGroup section */
		A5DBE6F11930D34F001876B9 /* InfoPlist.strings */ = {
			isa = PBXVariantGroup;
			children = (
				A5DBE6F21930D34F001876B9 /* en */,
			);
			name = InfoPlist.strings;
			sourceTree = "<group>";
		};
		A5DBE6FA1930D34F001876B9 /* Main_iPhone.storyboard */ = {
			isa = PBXVariantGroup;
			children = (
				A5DBE6FB1930D34F001876B9 /* Base */,
			);
			name = Main_iPhone.storyboard;
			sourceTree = "<group>";
		};
		A5DBE6FD1930D34F001876B9 /* Main_iPad.storyboard */ = {
			isa = PBXVariantGroup;
			children = (
				A5DBE6FE1930D34F001876B9 /* Base */,
			);
			name = Main_iPad.storyboard;
			sourceTree = "<group>";
		};
		A5DBE7181930D34F001876B9 /* InfoPlist.strings */ = {
			isa = PBXVariantGroup;
			children = (
				A5DBE7191930D34F001876B9 /* en */,
			);
			name = InfoPlist.strings;
			sourceTree = "<group>";
		};
/* End PBXVariantGroup section */

/* Begin XCBuildConfiguration section */
		A5DBE71D1930D34F001876B9 /* Debug */ = {
			isa = XCBuildConfiguration;
			buildSettings = {
				ALWAYS_SEARCH_USER_PATHS = NO;
				ARCHS = "$(ARCHS_STANDARD_INCLUDING_64_BIT)";
				CLANG_CXX_LANGUAGE_STANDARD = "gnu++0x";
				CLANG_CXX_LIBRARY = "libc++";
				CLANG_ENABLE_MODULES = YES;
				CLANG_ENABLE_OBJC_ARC = YES;
				CLANG_WARN_BOOL_CONVERSION = YES;
				CLANG_WARN_CONSTANT_CONVERSION = YES;
				CLANG_WARN_DIRECT_OBJC_ISA_USAGE = YES_ERROR;
				CLANG_WARN_EMPTY_BODY = YES;
				CLANG_WARN_ENUM_CONVERSION = YES;
				CLANG_WARN_INT_CONVERSION = YES;
				CLANG_WARN_OBJC_ROOT_CLASS = YES_ERROR;
				CLANG_WARN__DUPLICATE_METHOD_MATCH = YES;
				"CODE_SIGN_IDENTITY[sdk=iphoneos*]" = "iPhone Developer";
				COPY_PHASE_STRIP = NO;
				GCC_C_LANGUAGE_STANDARD = gnu99;
				GCC_DYNAMIC_NO_PIC = NO;
				GCC_OPTIMIZATION_LEVEL = 0;
				GCC_PREPROCESSOR_DEFINITIONS = (
					"DEBUG=1",
					"$(inherited)",
				);
				GCC_SYMBOLS_PRIVATE_EXTERN = NO;
				GCC_WARN_64_TO_32_BIT_CONVERSION = YES;
				GCC_WARN_ABOUT_RETURN_TYPE = YES_ERROR;
				GCC_WARN_UNDECLARED_SELECTOR = YES;
				GCC_WARN_UNINITIALIZED_AUTOS = YES;
				GCC_WARN_UNUSED_FUNCTION = YES;
				GCC_WARN_UNUSED_VARIABLE = YES;
				IPHONEOS_DEPLOYMENT_TARGET = 7.0;
				ONLY_ACTIVE_ARCH = YES;
				SDKROOT = iphoneos;
				TARGETED_DEVICE_FAMILY = "1,2";
			};
			name = Debug;
		};
		A5DBE71E1930D34F001876B9 /* Release */ = {
			isa = XCBuildConfiguration;
			buildSettings = {
				ALWAYS_SEARCH_USER_PATHS = NO;
				ARCHS = "$(ARCHS_STANDARD_INCLUDING_64_BIT)";
				CLANG_CXX_LANGUAGE_STANDARD = "gnu++0x";
				CLANG_CXX_LIBRARY = "libc++";
				CLANG_ENABLE_MODULES = YES;
				CLANG_ENABLE_OBJC_ARC = YES;
				CLANG_WARN_BOOL_CONVERSION = YES;
				CLANG_WARN_CONSTANT_CONVERSION = YES;
				CLANG_WARN_DIRECT_OBJC_ISA_USAGE = YES_ERROR;
				CLANG_WARN_EMPTY_BODY = YES;
				CLANG_WARN_ENUM_CONVERSION = YES;
				CLANG_WARN_INT_CONVERSION = YES;
				CLANG_WARN_OBJC_ROOT_CLASS = YES_ERROR;
				CLANG_WARN__DUPLICATE_METHOD_MATCH = YES;
				"CODE_SIGN_IDENTITY[sdk=iphoneos*]" = "iPhone Developer";
				COPY_PHASE_STRIP = YES;
				ENABLE_NS_ASSERTIONS = NO;
				GCC_C_LANGUAGE_STANDARD = gnu99;
				GCC_WARN_64_TO_32_BIT_CONVERSION = YES;
				GCC_WARN_ABOUT_RETURN_TYPE = YES_ERROR;
				GCC_WARN_UNDECLARED_SELECTOR = YES;
				GCC_WARN_UNINITIALIZED_AUTOS = YES;
				GCC_WARN_UNUSED_FUNCTION = YES;
				GCC_WARN_UNUSED_VARIABLE = YES;
				IPHONEOS_DEPLOYMENT_TARGET = 7.0;
				SDKROOT = iphoneos;
				TARGETED_DEVICE_FAMILY = "1,2";
				VALIDATE_PRODUCT = YES;
			};
			name = Release;
		};
		A5DBE7201930D34F001876B9 /* Debug */ = {
			isa = XCBuildConfiguration;
			buildSettings = {
				ASSETCATALOG_COMPILER_APPICON_NAME = AppIcon;
				ASSETCATALOG_COMPILER_LAUNCHIMAGE_NAME = LaunchImage;
				GCC_PRECOMPILE_PREFIX_HEADER = YES;
				GCC_PREFIX_HEADER = "frogGame/frogGame-Prefix.pch";
				INFOPLIST_FILE = "frogGame/frogGame-Info.plist";
				PRODUCT_NAME = "$(TARGET_NAME)";
				SPRITEKIT_TEXTURE_ATLAS_OUTPUT = YES;
				WRAPPER_EXTENSION = app;
			};
			name = Debug;
		};
		A5DBE7211930D34F001876B9 /* Release */ = {
			isa = XCBuildConfiguration;
			buildSettings = {
				ASSETCATALOG_COMPILER_APPICON_NAME = AppIcon;
				ASSETCATALOG_COMPILER_LAUNCHIMAGE_NAME = LaunchImage;
				GCC_PRECOMPILE_PREFIX_HEADER = YES;
				GCC_PREFIX_HEADER = "frogGame/frogGame-Prefix.pch";
				INFOPLIST_FILE = "frogGame/frogGame-Info.plist";
				PRODUCT_NAME = "$(TARGET_NAME)";
				SPRITEKIT_TEXTURE_ATLAS_OUTPUT = YES;
				WRAPPER_EXTENSION = app;
			};
			name = Release;
		};
		A5DBE7231930D34F001876B9 /* Debug */ = {
			isa = XCBuildConfiguration;
			buildSettings = {
				ARCHS = "$(ARCHS_STANDARD_INCLUDING_64_BIT)";
				BUNDLE_LOADER = "$(BUILT_PRODUCTS_DIR)/frogGame.app/frogGame";
				FRAMEWORK_SEARCH_PATHS = (
					"$(SDKROOT)/Developer/Library/Frameworks",
					"$(inherited)",
					"$(DEVELOPER_FRAMEWORKS_DIR)",
				);
				GCC_PRECOMPILE_PREFIX_HEADER = YES;
				GCC_PREFIX_HEADER = "frogGame/frogGame-Prefix.pch";
				GCC_PREPROCESSOR_DEFINITIONS = (
					"DEBUG=1",
					"$(inherited)",
				);
				INFOPLIST_FILE = "frogGameTests/frogGameTests-Info.plist";
				PRODUCT_NAME = "$(TARGET_NAME)";
				TEST_HOST = "$(BUNDLE_LOADER)";
				WRAPPER_EXTENSION = xctest;
			};
			name = Debug;
		};
		A5DBE7241930D34F001876B9 /* Release */ = {
			isa = XCBuildConfiguration;
			buildSettings = {
				ARCHS = "$(ARCHS_STANDARD_INCLUDING_64_BIT)";
				BUNDLE_LOADER = "$(BUILT_PRODUCTS_DIR)/frogGame.app/frogGame";
				FRAMEWORK_SEARCH_PATHS = (
					"$(SDKROOT)/Developer/Library/Frameworks",
					"$(inherited)",
					"$(DEVELOPER_FRAMEWORKS_DIR)",
				);
				GCC_PRECOMPILE_PREFIX_HEADER = YES;
				GCC_PREFIX_HEADER = "frogGame/frogGame-Prefix.pch";
				INFOPLIST_FILE = "frogGameTests/frogGameTests-Info.plist";
				PRODUCT_NAME = "$(TARGET_NAME)";
				TEST_HOST = "$(BUNDLE_LOADER)";
				WRAPPER_EXTENSION = xctest;
			};
			name = Release;
		};
/* End XCBuildConfiguration section */

/* Begin XCConfigurationList section */
		A5DBE6DE1930D34F001876B9 /* Build configuration list for PBXProject "frogGame" */ = {
			isa = XCConfigurationList;
			buildConfigurations = (
				A5DBE71D1930D34F001876B9 /* Debug */,
				A5DBE71E1930D34F001876B9 /* Release */,
			);
			defaultConfigurationIsVisible = 0;
			defaultConfigurationName = Release;
		};
		A5DBE71F1930D34F001876B9 /* Build configuration list for PBXNativeTarget "frogGame" */ = {
			isa = XCConfigurationList;
			buildConfigurations = (
				A5DBE7201930D34F001876B9 /* Debug */,
				A5DBE7211930D34F001876B9 /* Release */,
			);
			defaultConfigurationIsVisible = 0;
			defaultConfigurationName = Release;
		};
		A5DBE7221930D34F001876B9 /* Build configuration list for PBXNativeTarget "frogGameTests" */ = {
			isa = XCConfigurationList;
			buildConfigurations = (
				A5DBE7231930D34F001876B9 /* Debug */,
				A5DBE7241930D34F001876B9 /* Release */,
			);
			defaultConfigurationIsVisible = 0;
			defaultConfigurationName = Release;
		};
/* End XCConfigurationList section */
	};
	rootObject = A5DBE6DB1930D34F001876B9 /* Project object */;
}
